// !$*UTF8*$!
{
	archiveVersion = 1;
	classes = {
	};
	objectVersion = 52;
	objects = {

/* Begin PBXBuildFile section */
		5658EFA325B6E387008214B9 /* R.generated.swift in Sources */ = {isa = PBXBuildFile; fileRef = 5658EFA225B6E387008214B9 /* R.generated.swift */; };
		5658EFA825B6E414008214B9 /* Rswift in Frameworks */ = {isa = PBXBuildFile; productRef = 5658EFA725B6E414008214B9 /* Rswift */; };
		56C70AA825B58DC40050597D /* Reusable in Frameworks */ = {isa = PBXBuildFile; productRef = 56C70AA725B58DC40050597D /* Reusable */; };
		56C70AB125B591F30050597D /* Alamofire in Frameworks */ = {isa = PBXBuildFile; productRef = 56C70AB025B591F30050597D /* Alamofire */; };
		56C70ABA25B599D60050597D /* Kingfisher in Frameworks */ = {isa = PBXBuildFile; productRef = 56C70AB925B599D60050597D /* Kingfisher */; };
		CE1E64222226603100F3985F /* NetworkRepository.swift in Sources */ = {isa = PBXBuildFile; fileRef = CE1E64212226603100F3985F /* NetworkRepository.swift */; };
		CE1E642422267FEF00F3985F /* Mappers.swift in Sources */ = {isa = PBXBuildFile; fileRef = CE1E642322267FEF00F3985F /* Mappers.swift */; };
		CE1E64262226827200F3985F /* CacheRepository.swift in Sources */ = {isa = PBXBuildFile; fileRef = CE1E64252226827200F3985F /* CacheRepository.swift */; };
		CE2E08272239F23D00452F58 /* UserDefaultsRepository.swift in Sources */ = {isa = PBXBuildFile; fileRef = CE2E08262239F23D00452F58 /* UserDefaultsRepository.swift */; };
		CE2E082A2239F29A00452F58 /* SettingsPresenter.swift in Sources */ = {isa = PBXBuildFile; fileRef = CE2E08292239F29A00452F58 /* SettingsPresenter.swift */; };
		CE2E082C2239F4BE00452F58 /* UITableViewCell.swift in Sources */ = {isa = PBXBuildFile; fileRef = CE2E082B2239F4BE00452F58 /* UITableViewCell.swift */; };
		CE2E082F223A285300452F58 /* SourcesPresenter.swift in Sources */ = {isa = PBXBuildFile; fileRef = CE2E082E223A285300452F58 /* SourcesPresenter.swift */; };
		CE2E0831223A2BF200452F58 /* PropertyFileRepository.swift in Sources */ = {isa = PBXBuildFile; fileRef = CE2E0830223A2BF200452F58 /* PropertyFileRepository.swift */; };
		CE39851F2228E2EE0088651E /* Constants.swift in Sources */ = {isa = PBXBuildFile; fileRef = CE39851E2228E2EE0088651E /* Constants.swift */; };
		CE47DEF82230B9B800645CF4 /* Toast.swift in Sources */ = {isa = PBXBuildFile; fileRef = CE47DEF72230B9B800645CF4 /* Toast.swift */; };
		CE47DEFA2231339000645CF4 /* LoaderAnimator.swift in Sources */ = {isa = PBXBuildFile; fileRef = CE47DEF92231339000645CF4 /* LoaderAnimator.swift */; };
		CE4F88682238E6E60061BAC7 /* SourcesViewController.swift in Sources */ = {isa = PBXBuildFile; fileRef = CE4F88672238E6E60061BAC7 /* SourcesViewController.swift */; };
		CE4F886B2238FCE40061BAC7 /* SourceItem.swift in Sources */ = {isa = PBXBuildFile; fileRef = CE4F886A2238FCE40061BAC7 /* SourceItem.swift */; };
		CE4F886F223905CB0061BAC7 /* SettingsViewController.swift in Sources */ = {isa = PBXBuildFile; fileRef = CE4F886E223905CB0061BAC7 /* SettingsViewController.swift */; };
		CE4F887122390B650061BAC7 /* Settings.swift in Sources */ = {isa = PBXBuildFile; fileRef = CE4F887022390B650061BAC7 /* Settings.swift */; };
		CE57E3A22227D1FE00EBB63F /* FullImageViewController.swift in Sources */ = {isa = PBXBuildFile; fileRef = CE57E3A12227D1FE00EBB63F /* FullImageViewController.swift */; };
		CE57E3A52227D2B900EBB63F /* PopAnimator.swift in Sources */ = {isa = PBXBuildFile; fileRef = CE57E3A42227D2B900EBB63F /* PopAnimator.swift */; };
		CE727CFE2223975900C9D596 /* MainPresenter.swift in Sources */ = {isa = PBXBuildFile; fileRef = CE727CFD2223975900C9D596 /* MainPresenter.swift */; };
		CE727D022223E47B00C9D596 /* NewsEntity.swift in Sources */ = {isa = PBXBuildFile; fileRef = CE727D012223E47B00C9D596 /* NewsEntity.swift */; };
		CE899520222CCD8100C4765C /* DateTimeManager.swift in Sources */ = {isa = PBXBuildFile; fileRef = CE89951F222CCD8100C4765C /* DateTimeManager.swift */; };
		CEA25739221E7899005C779E /* NewsItem.swift in Sources */ = {isa = PBXBuildFile; fileRef = CEA25738221E7899005C779E /* NewsItem.swift */; };
		CEAE3202222FCC1C00D91026 /* FullInfoViewController.swift in Sources */ = {isa = PBXBuildFile; fileRef = CEAE3201222FCC1C00D91026 /* FullInfoViewController.swift */; };
		CEAE3204222FE5F400D91026 /* FullInfoPresenter.swift in Sources */ = {isa = PBXBuildFile; fileRef = CEAE3203222FE5F400D91026 /* FullInfoPresenter.swift */; };
		CEDDABD7222540F800B6C8D8 /* Crytography.swift in Sources */ = {isa = PBXBuildFile; fileRef = CEDDABD6222540F800B6C8D8 /* Crytography.swift */; };
		CEDDABD922254E3700B6C8D8 /* Utilities.swift in Sources */ = {isa = PBXBuildFile; fileRef = CEDDABD822254E3700B6C8D8 /* Utilities.swift */; };
		CEF178B5220ED99800332E84 /* AppDelegate.swift in Sources */ = {isa = PBXBuildFile; fileRef = CEF178B4220ED99800332E84 /* AppDelegate.swift */; };
		CEF178B7220ED99800332E84 /* MainViewController.swift in Sources */ = {isa = PBXBuildFile; fileRef = CEF178B6220ED99800332E84 /* MainViewController.swift */; };
		CEF178BA220ED99800332E84 /* Main.storyboard in Resources */ = {isa = PBXBuildFile; fileRef = CEF178B8220ED99800332E84 /* Main.storyboard */; };
		CEF178BD220ED99800332E84 /* RSSNews.xcdatamodeld in Sources */ = {isa = PBXBuildFile; fileRef = CEF178BB220ED99800332E84 /* RSSNews.xcdatamodeld */; };
		CEF178BF220ED99A00332E84 /* Assets.xcassets in Resources */ = {isa = PBXBuildFile; fileRef = CEF178BE220ED99A00332E84 /* Assets.xcassets */; };
		CEF178C2220ED99A00332E84 /* LaunchScreen.storyboard in Resources */ = {isa = PBXBuildFile; fileRef = CEF178C0220ED99A00332E84 /* LaunchScreen.storyboard */; };
		CEF178CD220ED99A00332E84 /* DateTimeManagerTests.swift in Sources */ = {isa = PBXBuildFile; fileRef = CEF178CC220ED99A00332E84 /* DateTimeManagerTests.swift */; };
		CEF178D8220ED99A00332E84 /* RSSNewsUITests.swift in Sources */ = {isa = PBXBuildFile; fileRef = CEF178D7220ED99A00332E84 /* RSSNewsUITests.swift */; };
		CEF178EE220EF03500332E84 /* RSSTableViewCell.swift in Sources */ = {isa = PBXBuildFile; fileRef = CEF178ED220EF03500332E84 /* RSSTableViewCell.swift */; };
		CEF178F2220EF06000332E84 /* sources.plist in Resources */ = {isa = PBXBuildFile; fileRef = CEF178F1220EF06000332E84 /* sources.plist */; };
/* End PBXBuildFile section */

/* Begin PBXContainerItemProxy section */
		CEF178C9220ED99A00332E84 /* PBXContainerItemProxy */ = {
			isa = PBXContainerItemProxy;
			containerPortal = CEF178A9220ED99800332E84 /* Project object */;
			proxyType = 1;
			remoteGlobalIDString = CEF178B0220ED99800332E84;
			remoteInfo = RSSNews;
		};
		CEF178D4220ED99A00332E84 /* PBXContainerItemProxy */ = {
			isa = PBXContainerItemProxy;
			containerPortal = CEF178A9220ED99800332E84 /* Project object */;
			proxyType = 1;
			remoteGlobalIDString = CEF178B0220ED99800332E84;
			remoteInfo = RSSNews;
		};
/* End PBXContainerItemProxy section */

/* Begin PBXCopyFilesBuildPhase section */
		5658EF3C25B6D8B1008214B9 /* Embed Frameworks */ = {
			isa = PBXCopyFilesBuildPhase;
			buildActionMask = 2147483647;
			dstPath = "";
			dstSubfolderSpec = 10;
			files = (
			);
			name = "Embed Frameworks";
			runOnlyForDeploymentPostprocessing = 0;
		};
/* End PBXCopyFilesBuildPhase section */

/* Begin PBXFileReference section */
		5658EFA225B6E387008214B9 /* R.generated.swift */ = {isa = PBXFileReference; fileEncoding = 4; lastKnownFileType = sourcecode.swift; path = R.generated.swift; sourceTree = "<group>"; };
		CE1E64212226603100F3985F /* NetworkRepository.swift */ = {isa = PBXFileReference; lastKnownFileType = sourcecode.swift; path = NetworkRepository.swift; sourceTree = "<group>"; };
		CE1E642322267FEF00F3985F /* Mappers.swift */ = {isa = PBXFileReference; lastKnownFileType = sourcecode.swift; path = Mappers.swift; sourceTree = "<group>"; };
		CE1E64252226827200F3985F /* CacheRepository.swift */ = {isa = PBXFileReference; lastKnownFileType = sourcecode.swift; path = CacheRepository.swift; sourceTree = "<group>"; };
		CE2E08262239F23D00452F58 /* UserDefaultsRepository.swift */ = {isa = PBXFileReference; lastKnownFileType = sourcecode.swift; path = UserDefaultsRepository.swift; sourceTree = "<group>"; };
		CE2E08292239F29A00452F58 /* SettingsPresenter.swift */ = {isa = PBXFileReference; lastKnownFileType = sourcecode.swift; path = SettingsPresenter.swift; sourceTree = "<group>"; };
		CE2E082B2239F4BE00452F58 /* UITableViewCell.swift */ = {isa = PBXFileReference; lastKnownFileType = sourcecode.swift; path = UITableViewCell.swift; sourceTree = "<group>"; };
		CE2E082E223A285300452F58 /* SourcesPresenter.swift */ = {isa = PBXFileReference; lastKnownFileType = sourcecode.swift; path = SourcesPresenter.swift; sourceTree = "<group>"; };
		CE2E0830223A2BF200452F58 /* PropertyFileRepository.swift */ = {isa = PBXFileReference; lastKnownFileType = sourcecode.swift; path = PropertyFileRepository.swift; sourceTree = "<group>"; };
		CE39851E2228E2EE0088651E /* Constants.swift */ = {isa = PBXFileReference; lastKnownFileType = sourcecode.swift; path = Constants.swift; sourceTree = "<group>"; };
		CE47DEF72230B9B800645CF4 /* Toast.swift */ = {isa = PBXFileReference; lastKnownFileType = sourcecode.swift; path = Toast.swift; sourceTree = "<group>"; };
		CE47DEF92231339000645CF4 /* LoaderAnimator.swift */ = {isa = PBXFileReference; lastKnownFileType = sourcecode.swift; path = LoaderAnimator.swift; sourceTree = "<group>"; };
		CE4F88672238E6E60061BAC7 /* SourcesViewController.swift */ = {isa = PBXFileReference; lastKnownFileType = sourcecode.swift; path = SourcesViewController.swift; sourceTree = "<group>"; };
		CE4F886A2238FCE40061BAC7 /* SourceItem.swift */ = {isa = PBXFileReference; lastKnownFileType = sourcecode.swift; path = SourceItem.swift; sourceTree = "<group>"; };
		CE4F886E223905CB0061BAC7 /* SettingsViewController.swift */ = {isa = PBXFileReference; lastKnownFileType = sourcecode.swift; path = SettingsViewController.swift; sourceTree = "<group>"; };
		CE4F887022390B650061BAC7 /* Settings.swift */ = {isa = PBXFileReference; lastKnownFileType = sourcecode.swift; path = Settings.swift; sourceTree = "<group>"; };
		CE57E3A12227D1FE00EBB63F /* FullImageViewController.swift */ = {isa = PBXFileReference; lastKnownFileType = sourcecode.swift; path = FullImageViewController.swift; sourceTree = "<group>"; };
		CE57E3A42227D2B900EBB63F /* PopAnimator.swift */ = {isa = PBXFileReference; lastKnownFileType = sourcecode.swift; path = PopAnimator.swift; sourceTree = "<group>"; };
		CE727CFD2223975900C9D596 /* MainPresenter.swift */ = {isa = PBXFileReference; lastKnownFileType = sourcecode.swift; path = MainPresenter.swift; sourceTree = "<group>"; };
		CE727D012223E47B00C9D596 /* NewsEntity.swift */ = {isa = PBXFileReference; lastKnownFileType = sourcecode.swift; path = NewsEntity.swift; sourceTree = "<group>"; };
		CE89951F222CCD8100C4765C /* DateTimeManager.swift */ = {isa = PBXFileReference; lastKnownFileType = sourcecode.swift; path = DateTimeManager.swift; sourceTree = "<group>"; };
		CEA25738221E7899005C779E /* NewsItem.swift */ = {isa = PBXFileReference; lastKnownFileType = sourcecode.swift; path = NewsItem.swift; sourceTree = "<group>"; };
		CEAE3201222FCC1C00D91026 /* FullInfoViewController.swift */ = {isa = PBXFileReference; lastKnownFileType = sourcecode.swift; path = FullInfoViewController.swift; sourceTree = "<group>"; };
		CEAE3203222FE5F400D91026 /* FullInfoPresenter.swift */ = {isa = PBXFileReference; lastKnownFileType = sourcecode.swift; name = FullInfoPresenter.swift; path = RSSNews/Presenter/FullInfo/FullInfoPresenter.swift; sourceTree = SOURCE_ROOT; };
		CEDDABD6222540F800B6C8D8 /* Crytography.swift */ = {isa = PBXFileReference; lastKnownFileType = sourcecode.swift; path = Crytography.swift; sourceTree = "<group>"; };
		CEDDABD822254E3700B6C8D8 /* Utilities.swift */ = {isa = PBXFileReference; lastKnownFileType = sourcecode.swift; path = Utilities.swift; sourceTree = "<group>"; };
		CEF178B1220ED99800332E84 /* RSSNews.app */ = {isa = PBXFileReference; explicitFileType = wrapper.application; includeInIndex = 0; path = RSSNews.app; sourceTree = BUILT_PRODUCTS_DIR; };
		CEF178B4220ED99800332E84 /* AppDelegate.swift */ = {isa = PBXFileReference; lastKnownFileType = sourcecode.swift; path = AppDelegate.swift; sourceTree = "<group>"; };
		CEF178B6220ED99800332E84 /* MainViewController.swift */ = {isa = PBXFileReference; lastKnownFileType = sourcecode.swift; path = MainViewController.swift; sourceTree = "<group>"; };
		CEF178B9220ED99800332E84 /* Base */ = {isa = PBXFileReference; lastKnownFileType = file.storyboard; name = Base; path = Base.lproj/Main.storyboard; sourceTree = "<group>"; };
		CEF178BC220ED99800332E84 /* RSSNews.xcdatamodel */ = {isa = PBXFileReference; lastKnownFileType = wrapper.xcdatamodel; path = RSSNews.xcdatamodel; sourceTree = "<group>"; };
		CEF178BE220ED99A00332E84 /* Assets.xcassets */ = {isa = PBXFileReference; lastKnownFileType = folder.assetcatalog; path = Assets.xcassets; sourceTree = "<group>"; };
		CEF178C1220ED99A00332E84 /* Base */ = {isa = PBXFileReference; lastKnownFileType = file.storyboard; name = Base; path = Base.lproj/LaunchScreen.storyboard; sourceTree = "<group>"; };
		CEF178C3220ED99A00332E84 /* Info.plist */ = {isa = PBXFileReference; lastKnownFileType = text.plist.xml; path = Info.plist; sourceTree = "<group>"; };
		CEF178C8220ED99A00332E84 /* RSSNewsTests.xctest */ = {isa = PBXFileReference; explicitFileType = wrapper.cfbundle; includeInIndex = 0; path = RSSNewsTests.xctest; sourceTree = BUILT_PRODUCTS_DIR; };
		CEF178CC220ED99A00332E84 /* DateTimeManagerTests.swift */ = {isa = PBXFileReference; lastKnownFileType = sourcecode.swift; path = DateTimeManagerTests.swift; sourceTree = "<group>"; };
		CEF178CE220ED99A00332E84 /* Info.plist */ = {isa = PBXFileReference; lastKnownFileType = text.plist.xml; path = Info.plist; sourceTree = "<group>"; };
		CEF178D3220ED99A00332E84 /* RSSNewsUITests.xctest */ = {isa = PBXFileReference; explicitFileType = wrapper.cfbundle; includeInIndex = 0; path = RSSNewsUITests.xctest; sourceTree = BUILT_PRODUCTS_DIR; };
		CEF178D7220ED99A00332E84 /* RSSNewsUITests.swift */ = {isa = PBXFileReference; lastKnownFileType = sourcecode.swift; path = RSSNewsUITests.swift; sourceTree = "<group>"; };
		CEF178D9220ED99A00332E84 /* Info.plist */ = {isa = PBXFileReference; lastKnownFileType = text.plist.xml; path = Info.plist; sourceTree = "<group>"; };
		CEF178ED220EF03500332E84 /* RSSTableViewCell.swift */ = {isa = PBXFileReference; fileEncoding = 4; lastKnownFileType = sourcecode.swift; path = RSSTableViewCell.swift; sourceTree = "<group>"; };
		CEF178F1220EF06000332E84 /* sources.plist */ = {isa = PBXFileReference; fileEncoding = 4; lastKnownFileType = text.plist.xml; path = sources.plist; sourceTree = "<group>"; };
/* End PBXFileReference section */

/* Begin PBXFrameworksBuildPhase section */
		CEF178AE220ED99800332E84 /* Frameworks */ = {
			isa = PBXFrameworksBuildPhase;
			buildActionMask = 2147483647;
			files = (
				56C70ABA25B599D60050597D /* Kingfisher in Frameworks */,
				5658EFA825B6E414008214B9 /* Rswift in Frameworks */,
				56C70AA825B58DC40050597D /* Reusable in Frameworks */,
				56C70AB125B591F30050597D /* Alamofire in Frameworks */,
			);
			runOnlyForDeploymentPostprocessing = 0;
		};
		CEF178C5220ED99A00332E84 /* Frameworks */ = {
			isa = PBXFrameworksBuildPhase;
			buildActionMask = 2147483647;
			files = (
			);
			runOnlyForDeploymentPostprocessing = 0;
		};
		CEF178D0220ED99A00332E84 /* Frameworks */ = {
			isa = PBXFrameworksBuildPhase;
			buildActionMask = 2147483647;
			files = (
			);
			runOnlyForDeploymentPostprocessing = 0;
		};
/* End PBXFrameworksBuildPhase section */

/* Begin PBXGroup section */
		CE1E641E22265F3B00F3985F /* API */ = {
			isa = PBXGroup;
			children = (
				CE1E642022265F6D00F3985F /* Local */,
				CE1E641F22265F4200F3985F /* Remote */,
			);
			path = API;
			sourceTree = "<group>";
		};
		CE1E641F22265F4200F3985F /* Remote */ = {
			isa = PBXGroup;
			children = (
				CE1E64212226603100F3985F /* NetworkRepository.swift */,
			);
			path = Remote;
			sourceTree = "<group>";
		};
		CE1E642022265F6D00F3985F /* Local */ = {
			isa = PBXGroup;
			children = (
				CE2E0830223A2BF200452F58 /* PropertyFileRepository.swift */,
				CE1E64252226827200F3985F /* CacheRepository.swift */,
				CE2E08262239F23D00452F58 /* UserDefaultsRepository.swift */,
			);
			path = Local;
			sourceTree = "<group>";
		};
		CE2E08282239F28A00452F58 /* Settings */ = {
			isa = PBXGroup;
			children = (
				CE2E08292239F29A00452F58 /* SettingsPresenter.swift */,
				CE2E082E223A285300452F58 /* SourcesPresenter.swift */,
			);
			path = Settings;
			sourceTree = "<group>";
		};
		CE2E082D223A277100452F58 /* Extensions */ = {
			isa = PBXGroup;
			children = (
				CE2E082B2239F4BE00452F58 /* UITableViewCell.swift */,
			);
			path = Extensions;
			sourceTree = "<group>";
		};
		CE393FC2223B596200395574 /* Default */ = {
			isa = PBXGroup;
			children = (
			);
			path = Default;
			sourceTree = "<group>";
		};
		CE393FC3223B597000395574 /* Settings */ = {
			isa = PBXGroup;
			children = (
			);
			path = Settings;
			sourceTree = "<group>";
		};
		CE393FC4223B59AD00395574 /* News */ = {
			isa = PBXGroup;
			children = (
			);
			path = News;
			sourceTree = "<group>";
		};
		CE4F88692238FCD00061BAC7 /* Settings */ = {
			isa = PBXGroup;
			children = (
				CE4F886A2238FCE40061BAC7 /* SourceItem.swift */,
				CE4F887022390B650061BAC7 /* Settings.swift */,
			);
			path = Settings;
			sourceTree = "<group>";
		};
		CE4F886C2238FE5A0061BAC7 /* Settings */ = {
			isa = PBXGroup;
			children = (
				CEF178F1220EF06000332E84 /* sources.plist */,
			);
			path = Settings;
			sourceTree = "<group>";
		};
		CE4F886D223905A80061BAC7 /* Settings */ = {
			isa = PBXGroup;
			children = (
				CE4F88672238E6E60061BAC7 /* SourcesViewController.swift */,
				CE4F886E223905CB0061BAC7 /* SettingsViewController.swift */,
			);
			path = Settings;
			sourceTree = "<group>";
		};
		CE57E3A32227D2A700EBB63F /* Animation */ = {
			isa = PBXGroup;
			children = (
				CE57E3A42227D2B900EBB63F /* PopAnimator.swift */,
				CE47DEF92231339000645CF4 /* LoaderAnimator.swift */,
			);
			path = Animation;
			sourceTree = "<group>";
		};
		CE5B6570221FD4A4002F2054 /* Presenter */ = {
			isa = PBXGroup;
			children = (
				CE2E08282239F28A00452F58 /* Settings */,
				CEAE31FD222FC84A00D91026 /* Main */,
			);
			path = Presenter;
			sourceTree = "<group>";
		};
		CE727D0022239ED200C9D596 /* Images */ = {
			isa = PBXGroup;
			children = (
				CE393FC4223B59AD00395574 /* News */,
				CE393FC3223B597000395574 /* Settings */,
				CE393FC2223B596200395574 /* Default */,
			);
			path = Images;
			sourceTree = "<group>";
		};
		CEA25737221E787E005C779E /* Model */ = {
			isa = PBXGroup;
			children = (
				CE4F88692238FCD00061BAC7 /* Settings */,
				CEAE3200222FC89800D91026 /* News */,
			);
			path = Model;
			sourceTree = "<group>";
		};
		CEAE31FD222FC84A00D91026 /* Main */ = {
			isa = PBXGroup;
			children = (
				CE727CFD2223975900C9D596 /* MainPresenter.swift */,
				CEAE3203222FE5F400D91026 /* FullInfoPresenter.swift */,
			);
			path = Main;
			sourceTree = "<group>";
		};
		CEAE31FE222FC86D00D91026 /* Controller */ = {
			isa = PBXGroup;
			children = (
				CE4F886D223905A80061BAC7 /* Settings */,
				CEAE3201222FCC1C00D91026 /* FullInfoViewController.swift */,
				CE57E3A12227D1FE00EBB63F /* FullImageViewController.swift */,
				CEF178B6220ED99800332E84 /* MainViewController.swift */,
			);
			path = Controller;
			sourceTree = "<group>";
		};
		CEAE31FF222FC87A00D91026 /* Custom View */ = {
			isa = PBXGroup;
			children = (
				CEF178ED220EF03500332E84 /* RSSTableViewCell.swift */,
				CE47DEF72230B9B800645CF4 /* Toast.swift */,
			);
			path = "Custom View";
			sourceTree = "<group>";
		};
		CEAE3200222FC89800D91026 /* News */ = {
			isa = PBXGroup;
			children = (
				CEA25738221E7899005C779E /* NewsItem.swift */,
				CE727D012223E47B00C9D596 /* NewsEntity.swift */,
			);
			path = News;
			sourceTree = "<group>";
		};
		CEDDABD5222540D300B6C8D8 /* Utils */ = {
			isa = PBXGroup;
			children = (
				CE39851E2228E2EE0088651E /* Constants.swift */,
				CE1E642322267FEF00F3985F /* Mappers.swift */,
				CEDDABD822254E3700B6C8D8 /* Utilities.swift */,
				CEDDABD6222540F800B6C8D8 /* Crytography.swift */,
				CE89951F222CCD8100C4765C /* DateTimeManager.swift */,
			);
			path = Utils;
			sourceTree = "<group>";
		};
		CEF178A8220ED99800332E84 = {
			isa = PBXGroup;
			children = (
				CEF178B3220ED99800332E84 /* RSSNews */,
				CEF178CB220ED99A00332E84 /* RSSNewsTests */,
				CEF178D6220ED99A00332E84 /* RSSNewsUITests */,
				CEF178B2220ED99800332E84 /* Products */,
			);
			sourceTree = "<group>";
		};
		CEF178B2220ED99800332E84 /* Products */ = {
			isa = PBXGroup;
			children = (
				CEF178B1220ED99800332E84 /* RSSNews.app */,
				CEF178C8220ED99A00332E84 /* RSSNewsTests.xctest */,
				CEF178D3220ED99A00332E84 /* RSSNewsUITests.xctest */,
			);
			name = Products;
			sourceTree = "<group>";
		};
		CEF178B3220ED99800332E84 /* RSSNews */ = {
			isa = PBXGroup;
			children = (
				CE2E082D223A277100452F58 /* Extensions */,
				CE1E641E22265F3B00F3985F /* API */,
				CEDDABD5222540D300B6C8D8 /* Utils */,
				CE5B6570221FD4A4002F2054 /* Presenter */,
				CEA25737221E787E005C779E /* Model */,
				CEF178E8220EDA3A00332E84 /* View */,
				CEF178E5220ED9B100332E84 /* Resources */,
				CEF178B4220ED99800332E84 /* AppDelegate.swift */,
				CEF178B8220ED99800332E84 /* Main.storyboard */,
				CEF178BE220ED99A00332E84 /* Assets.xcassets */,
				CEF178C0220ED99A00332E84 /* LaunchScreen.storyboard */,
				CEF178C3220ED99A00332E84 /* Info.plist */,
				CEF178BB220ED99800332E84 /* RSSNews.xcdatamodeld */,
			);
			path = RSSNews;
			sourceTree = "<group>";
		};
		CEF178CB220ED99A00332E84 /* RSSNewsTests */ = {
			isa = PBXGroup;
			children = (
				CEF178CC220ED99A00332E84 /* DateTimeManagerTests.swift */,
				CEF178CE220ED99A00332E84 /* Info.plist */,
			);
			path = RSSNewsTests;
			sourceTree = "<group>";
		};
		CEF178D6220ED99A00332E84 /* RSSNewsUITests */ = {
			isa = PBXGroup;
			children = (
				CEF178D7220ED99A00332E84 /* RSSNewsUITests.swift */,
				CEF178D9220ED99A00332E84 /* Info.plist */,
			);
			path = RSSNewsUITests;
			sourceTree = "<group>";
		};
		CEF178E5220ED9B100332E84 /* Resources */ = {
			isa = PBXGroup;
			children = (
				5658EFA225B6E387008214B9 /* R.generated.swift */,
				CE4F886C2238FE5A0061BAC7 /* Settings */,
				CE727D0022239ED200C9D596 /* Images */,
			);
			path = Resources;
			sourceTree = "<group>";
		};
		CEF178E8220EDA3A00332E84 /* View */ = {
			isa = PBXGroup;
			children = (
				CEAE31FF222FC87A00D91026 /* Custom View */,
				CEAE31FE222FC86D00D91026 /* Controller */,
				CE57E3A32227D2A700EBB63F /* Animation */,
			);
			path = View;
			sourceTree = "<group>";
		};
/* End PBXGroup section */

/* Begin PBXNativeTarget section */
		CEF178B0220ED99800332E84 /* RSSNews */ = {
			isa = PBXNativeTarget;
			buildConfigurationList = CEF178DC220ED99A00332E84 /* Build configuration list for PBXNativeTarget "RSSNews" */;
			buildPhases = (
				5658EF3025B6D680008214B9 /* R.Swift */,
				5658EF3125B6D6A5008214B9 /* Format */,
				5658EF3225B6D6AF008214B9 /* Lint */,
				CEF178AD220ED99800332E84 /* Sources */,
				CEF178AE220ED99800332E84 /* Frameworks */,
				CEF178AF220ED99800332E84 /* Resources */,
				5658EF3C25B6D8B1008214B9 /* Embed Frameworks */,
			);
			buildRules = (
			);
			dependencies = (
			);
			name = RSSNews;
			packageProductDependencies = (
				56C70AA725B58DC40050597D /* Reusable */,
				56C70AB025B591F30050597D /* Alamofire */,
				56C70AB925B599D60050597D /* Kingfisher */,
				5658EFA725B6E414008214B9 /* Rswift */,
			);
			productName = RSSNews;
			productReference = CEF178B1220ED99800332E84 /* RSSNews.app */;
			productType = "com.apple.product-type.application";
		};
		CEF178C7220ED99A00332E84 /* RSSNewsTests */ = {
			isa = PBXNativeTarget;
			buildConfigurationList = CEF178DF220ED99A00332E84 /* Build configuration list for PBXNativeTarget "RSSNewsTests" */;
			buildPhases = (
				CEF178C4220ED99A00332E84 /* Sources */,
				CEF178C5220ED99A00332E84 /* Frameworks */,
				CEF178C6220ED99A00332E84 /* Resources */,
			);
			buildRules = (
			);
			dependencies = (
				CEF178CA220ED99A00332E84 /* PBXTargetDependency */,
			);
			name = RSSNewsTests;
			productName = RSSNewsTests;
			productReference = CEF178C8220ED99A00332E84 /* RSSNewsTests.xctest */;
			productType = "com.apple.product-type.bundle.unit-test";
		};
		CEF178D2220ED99A00332E84 /* RSSNewsUITests */ = {
			isa = PBXNativeTarget;
			buildConfigurationList = CEF178E2220ED99A00332E84 /* Build configuration list for PBXNativeTarget "RSSNewsUITests" */;
			buildPhases = (
				CEF178CF220ED99A00332E84 /* Sources */,
				CEF178D0220ED99A00332E84 /* Frameworks */,
				CEF178D1220ED99A00332E84 /* Resources */,
			);
			buildRules = (
			);
			dependencies = (
				CEF178D5220ED99A00332E84 /* PBXTargetDependency */,
			);
			name = RSSNewsUITests;
			productName = RSSNewsUITests;
			productReference = CEF178D3220ED99A00332E84 /* RSSNewsUITests.xctest */;
			productType = "com.apple.product-type.bundle.ui-testing";
		};
/* End PBXNativeTarget section */

/* Begin PBXProject section */
		CEF178A9220ED99800332E84 /* Project object */ = {
			isa = PBXProject;
			attributes = {
				LastSwiftUpdateCheck = 1000;
				LastUpgradeCheck = 1000;
				ORGANIZATIONNAME = "Saritasa Inc.";
				TargetAttributes = {
					CEF178B0220ED99800332E84 = {
						CreatedOnToolsVersion = 10.0;
					};
					CEF178C7220ED99A00332E84 = {
						CreatedOnToolsVersion = 10.0;
						TestTargetID = CEF178B0220ED99800332E84;
					};
					CEF178D2220ED99A00332E84 = {
						CreatedOnToolsVersion = 10.0;
						TestTargetID = CEF178B0220ED99800332E84;
					};
				};
			};
			buildConfigurationList = CEF178AC220ED99800332E84 /* Build configuration list for PBXProject "RSSNews" */;
			compatibilityVersion = "Xcode 9.3";
			developmentRegion = en;
			hasScannedForEncodings = 0;
			knownRegions = (
				en,
				Base,
			);
			mainGroup = CEF178A8220ED99800332E84;
			packageReferences = (
				56C70AA625B58DC40050597D /* XCRemoteSwiftPackageReference "Reusable" */,
				56C70AAF25B591F30050597D /* XCRemoteSwiftPackageReference "Alamofire" */,
				56C70AB825B599D60050597D /* XCRemoteSwiftPackageReference "Kingfisher" */,
				5658EFA625B6E414008214B9 /* XCRemoteSwiftPackageReference "R.swift" */,
			);
			productRefGroup = CEF178B2220ED99800332E84 /* Products */;
			projectDirPath = "";
			projectRoot = "";
			targets = (
				CEF178B0220ED99800332E84 /* RSSNews */,
				CEF178C7220ED99A00332E84 /* RSSNewsTests */,
				CEF178D2220ED99A00332E84 /* RSSNewsUITests */,
			);
		};
/* End PBXProject section */

/* Begin PBXResourcesBuildPhase section */
		CEF178AF220ED99800332E84 /* Resources */ = {
			isa = PBXResourcesBuildPhase;
			buildActionMask = 2147483647;
			files = (
				CEF178F2220EF06000332E84 /* sources.plist in Resources */,
				CEF178C2220ED99A00332E84 /* LaunchScreen.storyboard in Resources */,
				CEF178BF220ED99A00332E84 /* Assets.xcassets in Resources */,
				CEF178BA220ED99800332E84 /* Main.storyboard in Resources */,
			);
			runOnlyForDeploymentPostprocessing = 0;
		};
		CEF178C6220ED99A00332E84 /* Resources */ = {
			isa = PBXResourcesBuildPhase;
			buildActionMask = 2147483647;
			files = (
			);
			runOnlyForDeploymentPostprocessing = 0;
		};
		CEF178D1220ED99A00332E84 /* Resources */ = {
			isa = PBXResourcesBuildPhase;
			buildActionMask = 2147483647;
			files = (
			);
			runOnlyForDeploymentPostprocessing = 0;
		};
/* End PBXResourcesBuildPhase section */

/* Begin PBXShellScriptBuildPhase section */
		5658EF3025B6D680008214B9 /* R.Swift */ = {
			isa = PBXShellScriptBuildPhase;
			buildActionMask = 2147483647;
			files = (
			);
			inputFileListPaths = (
			);
			inputPaths = (
				"$TEMP_DIR/rswift-lastrun",
			);
			name = R.Swift;
			outputFileListPaths = (
			);
			outputPaths = (
				$SRCROOT/RSSNews/Resources/R.generated.swift,
			);
			runOnlyForDeploymentPostprocessing = 0;
			shellPath = /bin/sh;
			shellScript = "mint run R.swift rswift generate \"$SRCROOT/RSSNews/Resources/R.generated.swift\"\n";
		};
		5658EF3125B6D6A5008214B9 /* Format */ = {
			isa = PBXShellScriptBuildPhase;
			buildActionMask = 2147483647;
			files = (
			);
			inputFileListPaths = (
			);
			inputPaths = (
			);
			name = Format;
			outputFileListPaths = (
			);
			outputPaths = (
			);
			runOnlyForDeploymentPostprocessing = 0;
			shellPath = /bin/sh;
			shellScript = "./scripts/format\n";
		};
		5658EF3225B6D6AF008214B9 /* Lint */ = {
			isa = PBXShellScriptBuildPhase;
			buildActionMask = 2147483647;
			files = (
			);
			inputFileListPaths = (
			);
			inputPaths = (
			);
			name = Lint;
			outputFileListPaths = (
			);
			outputPaths = (
			);
			runOnlyForDeploymentPostprocessing = 0;
			shellPath = /bin/sh;
			shellScript = "./scripts/lint\n";
		};
/* End PBXShellScriptBuildPhase section */

/* Begin PBXSourcesBuildPhase section */
		CEF178AD220ED99800332E84 /* Sources */ = {
			isa = PBXSourcesBuildPhase;
			buildActionMask = 2147483647;
			files = (
				CE57E3A52227D2B900EBB63F /* PopAnimator.swift in Sources */,
				CEDDABD7222540F800B6C8D8 /* Crytography.swift in Sources */,
				CE4F88682238E6E60061BAC7 /* SourcesViewController.swift in Sources */,
				CE727D022223E47B00C9D596 /* NewsEntity.swift in Sources */,
				CE47DEF82230B9B800645CF4 /* Toast.swift in Sources */,
				CE4F887122390B650061BAC7 /* Settings.swift in Sources */,
				CE4F886B2238FCE40061BAC7 /* SourceItem.swift in Sources */,
				CE2E082A2239F29A00452F58 /* SettingsPresenter.swift in Sources */,
				CE2E08272239F23D00452F58 /* UserDefaultsRepository.swift in Sources */,
				CE2E082C2239F4BE00452F58 /* UITableViewCell.swift in Sources */,
				CEF178EE220EF03500332E84 /* RSSTableViewCell.swift in Sources */,
				CE727CFE2223975900C9D596 /* MainPresenter.swift in Sources */,
				CE39851F2228E2EE0088651E /* Constants.swift in Sources */,
				CE1E64222226603100F3985F /* NetworkRepository.swift in Sources */,
				CEA25739221E7899005C779E /* NewsItem.swift in Sources */,
				CE899520222CCD8100C4765C /* DateTimeManager.swift in Sources */,
				CE2E0831223A2BF200452F58 /* PropertyFileRepository.swift in Sources */,
				5658EFA325B6E387008214B9 /* R.generated.swift in Sources */,
				CE1E642422267FEF00F3985F /* Mappers.swift in Sources */,
				CEF178B7220ED99800332E84 /* MainViewController.swift in Sources */,
				CE57E3A22227D1FE00EBB63F /* FullImageViewController.swift in Sources */,
				CE4F886F223905CB0061BAC7 /* SettingsViewController.swift in Sources */,
				CEDDABD922254E3700B6C8D8 /* Utilities.swift in Sources */,
				CEAE3204222FE5F400D91026 /* FullInfoPresenter.swift in Sources */,
				CEF178BD220ED99800332E84 /* RSSNews.xcdatamodeld in Sources */,
				CEF178B5220ED99800332E84 /* AppDelegate.swift in Sources */,
				CE47DEFA2231339000645CF4 /* LoaderAnimator.swift in Sources */,
				CE2E082F223A285300452F58 /* SourcesPresenter.swift in Sources */,
				CEAE3202222FCC1C00D91026 /* FullInfoViewController.swift in Sources */,
				CE1E64262226827200F3985F /* CacheRepository.swift in Sources */,
			);
			runOnlyForDeploymentPostprocessing = 0;
		};
		CEF178C4220ED99A00332E84 /* Sources */ = {
			isa = PBXSourcesBuildPhase;
			buildActionMask = 2147483647;
			files = (
				CEF178CD220ED99A00332E84 /* DateTimeManagerTests.swift in Sources */,
			);
			runOnlyForDeploymentPostprocessing = 0;
		};
		CEF178CF220ED99A00332E84 /* Sources */ = {
			isa = PBXSourcesBuildPhase;
			buildActionMask = 2147483647;
			files = (
				CEF178D8220ED99A00332E84 /* RSSNewsUITests.swift in Sources */,
			);
			runOnlyForDeploymentPostprocessing = 0;
		};
/* End PBXSourcesBuildPhase section */

/* Begin PBXTargetDependency section */
		CEF178CA220ED99A00332E84 /* PBXTargetDependency */ = {
			isa = PBXTargetDependency;
			target = CEF178B0220ED99800332E84 /* RSSNews */;
			targetProxy = CEF178C9220ED99A00332E84 /* PBXContainerItemProxy */;
		};
		CEF178D5220ED99A00332E84 /* PBXTargetDependency */ = {
			isa = PBXTargetDependency;
			target = CEF178B0220ED99800332E84 /* RSSNews */;
			targetProxy = CEF178D4220ED99A00332E84 /* PBXContainerItemProxy */;
		};
/* End PBXTargetDependency section */

/* Begin PBXVariantGroup section */
		CEF178B8220ED99800332E84 /* Main.storyboard */ = {
			isa = PBXVariantGroup;
			children = (
				CEF178B9220ED99800332E84 /* Base */,
			);
			name = Main.storyboard;
			sourceTree = "<group>";
		};
		CEF178C0220ED99A00332E84 /* LaunchScreen.storyboard */ = {
			isa = PBXVariantGroup;
			children = (
				CEF178C1220ED99A00332E84 /* Base */,
			);
			name = LaunchScreen.storyboard;
			sourceTree = "<group>";
		};
/* End PBXVariantGroup section */

/* Begin XCBuildConfiguration section */
		CEF178DA220ED99A00332E84 /* Debug */ = {
			isa = XCBuildConfiguration;
			buildSettings = {
				ALWAYS_SEARCH_USER_PATHS = NO;
				CLANG_ANALYZER_NONNULL = YES;
				CLANG_ANALYZER_NUMBER_OBJECT_CONVERSION = YES_AGGRESSIVE;
				CLANG_CXX_LANGUAGE_STANDARD = "gnu++14";
				CLANG_CXX_LIBRARY = "libc++";
				CLANG_ENABLE_MODULES = YES;
				CLANG_ENABLE_OBJC_ARC = YES;
				CLANG_ENABLE_OBJC_WEAK = YES;
				CLANG_WARN_BLOCK_CAPTURE_AUTORELEASING = YES;
				CLANG_WARN_BOOL_CONVERSION = YES;
				CLANG_WARN_COMMA = YES;
				CLANG_WARN_CONSTANT_CONVERSION = YES;
				CLANG_WARN_DEPRECATED_OBJC_IMPLEMENTATIONS = YES;
				CLANG_WARN_DIRECT_OBJC_ISA_USAGE = YES_ERROR;
				CLANG_WARN_DOCUMENTATION_COMMENTS = YES;
				CLANG_WARN_EMPTY_BODY = YES;
				CLANG_WARN_ENUM_CONVERSION = YES;
				CLANG_WARN_INFINITE_RECURSION = YES;
				CLANG_WARN_INT_CONVERSION = YES;
				CLANG_WARN_NON_LITERAL_NULL_CONVERSION = YES;
				CLANG_WARN_OBJC_IMPLICIT_RETAIN_SELF = YES;
				CLANG_WARN_OBJC_LITERAL_CONVERSION = YES;
				CLANG_WARN_OBJC_ROOT_CLASS = YES_ERROR;
				CLANG_WARN_RANGE_LOOP_ANALYSIS = YES;
				CLANG_WARN_STRICT_PROTOTYPES = YES;
				CLANG_WARN_SUSPICIOUS_MOVE = YES;
				CLANG_WARN_UNGUARDED_AVAILABILITY = YES_AGGRESSIVE;
				CLANG_WARN_UNREACHABLE_CODE = YES;
				CLANG_WARN__DUPLICATE_METHOD_MATCH = YES;
				CODE_SIGN_IDENTITY = "iPhone Developer";
				COPY_PHASE_STRIP = NO;
				DEBUG_INFORMATION_FORMAT = dwarf;
				ENABLE_STRICT_OBJC_MSGSEND = YES;
				ENABLE_TESTABILITY = YES;
				GCC_C_LANGUAGE_STANDARD = gnu11;
				GCC_DYNAMIC_NO_PIC = NO;
				GCC_NO_COMMON_BLOCKS = YES;
				GCC_OPTIMIZATION_LEVEL = 0;
				GCC_PREPROCESSOR_DEFINITIONS = (
					"DEBUG=1",
					"$(inherited)",
				);
				GCC_WARN_64_TO_32_BIT_CONVERSION = YES;
				GCC_WARN_ABOUT_RETURN_TYPE = YES_ERROR;
				GCC_WARN_UNDECLARED_SELECTOR = YES;
				GCC_WARN_UNINITIALIZED_AUTOS = YES_AGGRESSIVE;
				GCC_WARN_UNUSED_FUNCTION = YES;
				GCC_WARN_UNUSED_VARIABLE = YES;
				IPHONEOS_DEPLOYMENT_TARGET = 12.0;
				MTL_ENABLE_DEBUG_INFO = INCLUDE_SOURCE;
				MTL_FAST_MATH = YES;
				ONLY_ACTIVE_ARCH = YES;
				SDKROOT = iphoneos;
				SWIFT_ACTIVE_COMPILATION_CONDITIONS = DEBUG;
				SWIFT_OPTIMIZATION_LEVEL = "-Onone";
			};
			name = Debug;
		};
		CEF178DB220ED99A00332E84 /* Release */ = {
			isa = XCBuildConfiguration;
			buildSettings = {
				ALWAYS_SEARCH_USER_PATHS = NO;
				CLANG_ANALYZER_NONNULL = YES;
				CLANG_ANALYZER_NUMBER_OBJECT_CONVERSION = YES_AGGRESSIVE;
				CLANG_CXX_LANGUAGE_STANDARD = "gnu++14";
				CLANG_CXX_LIBRARY = "libc++";
				CLANG_ENABLE_MODULES = YES;
				CLANG_ENABLE_OBJC_ARC = YES;
				CLANG_ENABLE_OBJC_WEAK = YES;
				CLANG_WARN_BLOCK_CAPTURE_AUTORELEASING = YES;
				CLANG_WARN_BOOL_CONVERSION = YES;
				CLANG_WARN_COMMA = YES;
				CLANG_WARN_CONSTANT_CONVERSION = YES;
				CLANG_WARN_DEPRECATED_OBJC_IMPLEMENTATIONS = YES;
				CLANG_WARN_DIRECT_OBJC_ISA_USAGE = YES_ERROR;
				CLANG_WARN_DOCUMENTATION_COMMENTS = YES;
				CLANG_WARN_EMPTY_BODY = YES;
				CLANG_WARN_ENUM_CONVERSION = YES;
				CLANG_WARN_INFINITE_RECURSION = YES;
				CLANG_WARN_INT_CONVERSION = YES;
				CLANG_WARN_NON_LITERAL_NULL_CONVERSION = YES;
				CLANG_WARN_OBJC_IMPLICIT_RETAIN_SELF = YES;
				CLANG_WARN_OBJC_LITERAL_CONVERSION = YES;
				CLANG_WARN_OBJC_ROOT_CLASS = YES_ERROR;
				CLANG_WARN_RANGE_LOOP_ANALYSIS = YES;
				CLANG_WARN_STRICT_PROTOTYPES = YES;
				CLANG_WARN_SUSPICIOUS_MOVE = YES;
				CLANG_WARN_UNGUARDED_AVAILABILITY = YES_AGGRESSIVE;
				CLANG_WARN_UNREACHABLE_CODE = YES;
				CLANG_WARN__DUPLICATE_METHOD_MATCH = YES;
				CODE_SIGN_IDENTITY = "iPhone Developer";
				COPY_PHASE_STRIP = NO;
				DEBUG_INFORMATION_FORMAT = "dwarf-with-dsym";
				ENABLE_NS_ASSERTIONS = NO;
				ENABLE_STRICT_OBJC_MSGSEND = YES;
				GCC_C_LANGUAGE_STANDARD = gnu11;
				GCC_NO_COMMON_BLOCKS = YES;
				GCC_WARN_64_TO_32_BIT_CONVERSION = YES;
				GCC_WARN_ABOUT_RETURN_TYPE = YES_ERROR;
				GCC_WARN_UNDECLARED_SELECTOR = YES;
				GCC_WARN_UNINITIALIZED_AUTOS = YES_AGGRESSIVE;
				GCC_WARN_UNUSED_FUNCTION = YES;
				GCC_WARN_UNUSED_VARIABLE = YES;
				IPHONEOS_DEPLOYMENT_TARGET = 12.0;
				MTL_ENABLE_DEBUG_INFO = NO;
				MTL_FAST_MATH = YES;
				SDKROOT = iphoneos;
				SWIFT_COMPILATION_MODE = wholemodule;
				SWIFT_OPTIMIZATION_LEVEL = "-O";
				VALIDATE_PRODUCT = YES;
			};
			name = Release;
		};
		CEF178DD220ED99A00332E84 /* Debug */ = {
			isa = XCBuildConfiguration;
			buildSettings = {
				ASSETCATALOG_COMPILER_APPICON_NAME = AppIcon;
				CODE_SIGN_STYLE = Manual;
				DEVELOPMENT_TEAM = 97CJYDC5AL;
				INFOPLIST_FILE = RSSNews/Info.plist;
				IPHONEOS_DEPLOYMENT_TARGET = 13.0;
				LD_RUNPATH_SEARCH_PATHS = (
					"$(inherited)",
					"@executable_path/Frameworks",
				);
				PRODUCT_BUNDLE_IDENTIFIER = com.saritasa.enterprise.RSSNews;
				PRODUCT_NAME = "$(TARGET_NAME)";
				PROVISIONING_PROFILE_SPECIFIER = "RSSNews Development";
				SWIFT_VERSION = 4.2;
				TARGETED_DEVICE_FAMILY = "1,2";
				VALIDATE_PRODUCT = NO;
			};
			name = Debug;
		};
		CEF178DE220ED99A00332E84 /* Release */ = {
			isa = XCBuildConfiguration;
			buildSettings = {
				ASSETCATALOG_COMPILER_APPICON_NAME = AppIcon;
				CODE_SIGN_STYLE = Manual;
				DEVELOPMENT_TEAM = 97CJYDC5AL;
				INFOPLIST_FILE = RSSNews/Info.plist;
				IPHONEOS_DEPLOYMENT_TARGET = 13.0;
				LD_RUNPATH_SEARCH_PATHS = (
					"$(inherited)",
					"@executable_path/Frameworks",
				);
				PRODUCT_BUNDLE_IDENTIFIER = com.saritasa.enterprise.RSSNews;
				PRODUCT_NAME = "$(TARGET_NAME)";
				PROVISIONING_PROFILE_SPECIFIER = "RSSNews Development";
				SWIFT_VERSION = 4.2;
				TARGETED_DEVICE_FAMILY = "1,2";
				VALIDATE_PRODUCT = YES;
			};
			name = Release;
		};
		CEF178E0220ED99A00332E84 /* Debug */ = {
			isa = XCBuildConfiguration;
			buildSettings = {
				ALWAYS_EMBED_SWIFT_STANDARD_LIBRARIES = YES;
				BUNDLE_LOADER = "$(TEST_HOST)";
				CODE_SIGN_STYLE = Automatic;
				DEVELOPMENT_TEAM = 97CJYDC5AL;
				INFOPLIST_FILE = RSSNewsTests/Info.plist;
				LD_RUNPATH_SEARCH_PATHS = (
					"$(inherited)",
					"@executable_path/Frameworks",
					"@loader_path/Frameworks",
				);
				PRODUCT_BUNDLE_IDENTIFIER = com.saritasa.enterprise.RSSNewsTests;
				PRODUCT_NAME = "$(TARGET_NAME)";
				SWIFT_VERSION = 4.2;
				TARGETED_DEVICE_FAMILY = "1,2";
				TEST_HOST = "$(BUILT_PRODUCTS_DIR)/RSSNews.app/RSSNews";
			};
			name = Debug;
		};
		CEF178E1220ED99A00332E84 /* Release */ = {
			isa = XCBuildConfiguration;
			buildSettings = {
				ALWAYS_EMBED_SWIFT_STANDARD_LIBRARIES = YES;
				BUNDLE_LOADER = "$(TEST_HOST)";
				CODE_SIGN_STYLE = Automatic;
				DEVELOPMENT_TEAM = 97CJYDC5AL;
				INFOPLIST_FILE = RSSNewsTests/Info.plist;
				LD_RUNPATH_SEARCH_PATHS = (
					"$(inherited)",
					"@executable_path/Frameworks",
					"@loader_path/Frameworks",
				);
				PRODUCT_BUNDLE_IDENTIFIER = com.saritasa.enterprise.RSSNewsTests;
				PRODUCT_NAME = "$(TARGET_NAME)";
				SWIFT_VERSION = 4.2;
				TARGETED_DEVICE_FAMILY = "1,2";
				TEST_HOST = "$(BUILT_PRODUCTS_DIR)/RSSNews.app/RSSNews";
			};
			name = Release;
		};
		CEF178E3220ED99A00332E84 /* Debug */ = {
			isa = XCBuildConfiguration;
			buildSettings = {
				ALWAYS_EMBED_SWIFT_STANDARD_LIBRARIES = YES;
				CODE_SIGN_STYLE = Automatic;
				DEVELOPMENT_TEAM = 97CJYDC5AL;
				INFOPLIST_FILE = RSSNewsUITests/Info.plist;
				LD_RUNPATH_SEARCH_PATHS = (
					"$(inherited)",
					"@executable_path/Frameworks",
					"@loader_path/Frameworks",
				);
				PRODUCT_BUNDLE_IDENTIFIER = com.saritasa.enterprise.RSSNewsUITests;
				PRODUCT_NAME = "$(TARGET_NAME)";
				SWIFT_VERSION = 4.2;
				TARGETED_DEVICE_FAMILY = "1,2";
				TEST_TARGET_NAME = RSSNews;
			};
			name = Debug;
		};
		CEF178E4220ED99A00332E84 /* Release */ = {
			isa = XCBuildConfiguration;
			buildSettings = {
				ALWAYS_EMBED_SWIFT_STANDARD_LIBRARIES = YES;
				CODE_SIGN_STYLE = Automatic;
				DEVELOPMENT_TEAM = 97CJYDC5AL;
				INFOPLIST_FILE = RSSNewsUITests/Info.plist;
				LD_RUNPATH_SEARCH_PATHS = (
					"$(inherited)",
					"@executable_path/Frameworks",
					"@loader_path/Frameworks",
				);
				PRODUCT_BUNDLE_IDENTIFIER = com.saritasa.enterprise.RSSNewsUITests;
				PRODUCT_NAME = "$(TARGET_NAME)";
				SWIFT_VERSION = 4.2;
				TARGETED_DEVICE_FAMILY = "1,2";
				TEST_TARGET_NAME = RSSNews;
			};
			name = Release;
		};
/* End XCBuildConfiguration section */

/* Begin XCConfigurationList section */
		CEF178AC220ED99800332E84 /* Build configuration list for PBXProject "RSSNews" */ = {
			isa = XCConfigurationList;
			buildConfigurations = (
				CEF178DA220ED99A00332E84 /* Debug */,
				CEF178DB220ED99A00332E84 /* Release */,
			);
			defaultConfigurationIsVisible = 0;
			defaultConfigurationName = Release;
		};
		CEF178DC220ED99A00332E84 /* Build configuration list for PBXNativeTarget "RSSNews" */ = {
			isa = XCConfigurationList;
			buildConfigurations = (
				CEF178DD220ED99A00332E84 /* Debug */,
				CEF178DE220ED99A00332E84 /* Release */,
			);
			defaultConfigurationIsVisible = 0;
			defaultConfigurationName = Release;
		};
		CEF178DF220ED99A00332E84 /* Build configuration list for PBXNativeTarget "RSSNewsTests" */ = {
			isa = XCConfigurationList;
			buildConfigurations = (
				CEF178E0220ED99A00332E84 /* Debug */,
				CEF178E1220ED99A00332E84 /* Release */,
			);
			defaultConfigurationIsVisible = 0;
			defaultConfigurationName = Release;
		};
		CEF178E2220ED99A00332E84 /* Build configuration list for PBXNativeTarget "RSSNewsUITests" */ = {
			isa = XCConfigurationList;
			buildConfigurations = (
				CEF178E3220ED99A00332E84 /* Debug */,
				CEF178E4220ED99A00332E84 /* Release */,
			);
			defaultConfigurationIsVisible = 0;
			defaultConfigurationName = Release;
		};
/* End XCConfigurationList section */

/* Begin XCRemoteSwiftPackageReference section */
		5658EFA625B6E414008214B9 /* XCRemoteSwiftPackageReference "R.swift" */ = {
			isa = XCRemoteSwiftPackageReference;
			repositoryURL = "https://github.com/mac-cain13/R.swift.Library";
			requirement = {
				kind = upToNextMajorVersion;
				minimumVersion = 5.3.0;
			};
		};
		56C70AA625B58DC40050597D /* XCRemoteSwiftPackageReference "Reusable" */ = {
			isa = XCRemoteSwiftPackageReference;
			repositoryURL = "https://github.com/AliSoftware/Reusable";
			requirement = {
				kind = upToNextMajorVersion;
				minimumVersion = 4.1.1;
			};
		};
		56C70AAF25B591F30050597D /* XCRemoteSwiftPackageReference "Alamofire" */ = {
			isa = XCRemoteSwiftPackageReference;
			repositoryURL = "https://github.com/Alamofire/Alamofire";
			requirement = {
				kind = upToNextMajorVersion;
				minimumVersion = 5.4.1;
			};
		};
		56C70AB825B599D60050597D /* XCRemoteSwiftPackageReference "Kingfisher" */ = {
			isa = XCRemoteSwiftPackageReference;
			repositoryURL = "https://github.com/onevcat/Kingfisher";
			requirement = {
				kind = upToNextMajorVersion;
				minimumVersion = 6.0.1;
			};
		};
/* End XCRemoteSwiftPackageReference section */

/* Begin XCSwiftPackageProductDependency section */
		5658EFA725B6E414008214B9 /* Rswift */ = {
			isa = XCSwiftPackageProductDependency;
			package = 5658EFA625B6E414008214B9 /* XCRemoteSwiftPackageReference "R.swift" */;
			productName = Rswift;
		};
		56C70AA725B58DC40050597D /* Reusable */ = {
			isa = XCSwiftPackageProductDependency;
			package = 56C70AA625B58DC40050597D /* XCRemoteSwiftPackageReference "Reusable" */;
			productName = Reusable;
		};
		56C70AB025B591F30050597D /* Alamofire */ = {
			isa = XCSwiftPackageProductDependency;
			package = 56C70AAF25B591F30050597D /* XCRemoteSwiftPackageReference "Alamofire" */;
			productName = Alamofire;
		};
		56C70AB925B599D60050597D /* Kingfisher */ = {
			isa = XCSwiftPackageProductDependency;
			package = 56C70AB825B599D60050597D /* XCRemoteSwiftPackageReference "Kingfisher" */;
			productName = Kingfisher;
		};
/* End XCSwiftPackageProductDependency section */

/* Begin XCVersionGroup section */
		CEF178BB220ED99800332E84 /* RSSNews.xcdatamodeld */ = {
			isa = XCVersionGroup;
			children = (
				CEF178BC220ED99800332E84 /* RSSNews.xcdatamodel */,
			);
			currentVersion = CEF178BC220ED99800332E84 /* RSSNews.xcdatamodel */;
			path = RSSNews.xcdatamodeld;
			sourceTree = "<group>";
			versionGroupType = wrapper.xcdatamodel;
		};
/* End XCVersionGroup section */
	};
	rootObject = CEF178A9220ED99800332E84 /* Project object */;
}
