// !$*UTF8*$!
{
	archiveVersion = 1;
	classes = {
	};
	objectVersion = 50;
	objects = {

/* Begin PBXBuildFile section */
		CEF178B5220ED99800332E84 /* AppDelegate.swift in Sources */ = {isa = PBXBuildFile; fileRef = CEF178B4220ED99800332E84 /* AppDelegate.swift */; };
		CEF178B7220ED99800332E84 /* ViewController.swift in Sources */ = {isa = PBXBuildFile; fileRef = CEF178B6220ED99800332E84 /* ViewController.swift */; };
		CEF178BA220ED99800332E84 /* Main.storyboard in Resources */ = {isa = PBXBuildFile; fileRef = CEF178B8220ED99800332E84 /* Main.storyboard */; };
		CEF178BD220ED99800332E84 /* RSSNews.xcdatamodeld in Sources */ = {isa = PBXBuildFile; fileRef = CEF178BB220ED99800332E84 /* RSSNews.xcdatamodeld */; };
		CEF178BF220ED99A00332E84 /* Assets.xcassets in Resources */ = {isa = PBXBuildFile; fileRef = CEF178BE220ED99A00332E84 /* Assets.xcassets */; };
		CEF178C2220ED99A00332E84 /* LaunchScreen.storyboard in Resources */ = {isa = PBXBuildFile; fileRef = CEF178C0220ED99A00332E84 /* LaunchScreen.storyboard */; };
		CEF178CD220ED99A00332E84 /* RSSNewsTests.swift in Sources */ = {isa = PBXBuildFile; fileRef = CEF178CC220ED99A00332E84 /* RSSNewsTests.swift */; };
		CEF178D8220ED99A00332E84 /* RSSNewsUITests.swift in Sources */ = {isa = PBXBuildFile; fileRef = CEF178D7220ED99A00332E84 /* RSSNewsUITests.swift */; };
		CEF178E7220ED9D500332E84 /* news.plist in Resources */ = {isa = PBXBuildFile; fileRef = CEF178E6220ED9D500332E84 /* news.plist */; };
		CEF178EB220EDA5500332E84 /* RSSTableViewCell.swift in Sources */ = {isa = PBXBuildFile; fileRef = CEF178E9220EDA5500332E84 /* RSSTableViewCell.swift */; };
		CEF178EC220EDA5500332E84 /* RSSTableViewCell.xib in Resources */ = {isa = PBXBuildFile; fileRef = CEF178EA220EDA5500332E84 /* RSSTableViewCell.xib */; };
/* End PBXBuildFile section */

/* Begin PBXContainerItemProxy section */
		CEF178C9220ED99A00332E84 /* PBXContainerItemProxy */ = {
			isa = PBXContainerItemProxy;
			containerPortal = CEF178A9220ED99800332E84 /* Project object */;
			proxyType = 1;
			remoteGlobalIDString = CEF178B0220ED99800332E84;
			remoteInfo = RSSNews;
		};
		CEF178D4220ED99A00332E84 /* PBXContainerItemProxy */ = {
			isa = PBXContainerItemProxy;
			containerPortal = CEF178A9220ED99800332E84 /* Project object */;
			proxyType = 1;
			remoteGlobalIDString = CEF178B0220ED99800332E84;
			remoteInfo = RSSNews;
		};
/* End PBXContainerItemProxy section */

/* Begin PBXFileReference section */
		CEF178B1220ED99800332E84 /* RSSNews.app */ = {isa = PBXFileReference; explicitFileType = wrapper.application; includeInIndex = 0; path = RSSNews.app; sourceTree = BUILT_PRODUCTS_DIR; };
		CEF178B4220ED99800332E84 /* AppDelegate.swift */ = {isa = PBXFileReference; lastKnownFileType = sourcecode.swift; path = AppDelegate.swift; sourceTree = "<group>"; };
		CEF178B6220ED99800332E84 /* ViewController.swift */ = {isa = PBXFileReference; lastKnownFileType = sourcecode.swift; path = ViewController.swift; sourceTree = "<group>"; };
		CEF178B9220ED99800332E84 /* Base */ = {isa = PBXFileReference; lastKnownFileType = file.storyboard; name = Base; path = Base.lproj/Main.storyboard; sourceTree = "<group>"; };
		CEF178BC220ED99800332E84 /* RSSNews.xcdatamodel */ = {isa = PBXFileReference; lastKnownFileType = wrapper.xcdatamodel; path = RSSNews.xcdatamodel; sourceTree = "<group>"; };
		CEF178BE220ED99A00332E84 /* Assets.xcassets */ = {isa = PBXFileReference; lastKnownFileType = folder.assetcatalog; path = Assets.xcassets; sourceTree = "<group>"; };
		CEF178C1220ED99A00332E84 /* Base */ = {isa = PBXFileReference; lastKnownFileType = file.storyboard; name = Base; path = Base.lproj/LaunchScreen.storyboard; sourceTree = "<group>"; };
		CEF178C3220ED99A00332E84 /* Info.plist */ = {isa = PBXFileReference; lastKnownFileType = text.plist.xml; path = Info.plist; sourceTree = "<group>"; };
		CEF178C8220ED99A00332E84 /* RSSNewsTests.xctest */ = {isa = PBXFileReference; explicitFileType = wrapper.cfbundle; includeInIndex = 0; path = RSSNewsTests.xctest; sourceTree = BUILT_PRODUCTS_DIR; };
		CEF178CC220ED99A00332E84 /* RSSNewsTests.swift */ = {isa = PBXFileReference; lastKnownFileType = sourcecode.swift; path = RSSNewsTests.swift; sourceTree = "<group>"; };
		CEF178CE220ED99A00332E84 /* Info.plist */ = {isa = PBXFileReference; lastKnownFileType = text.plist.xml; path = Info.plist; sourceTree = "<group>"; };
		CEF178D3220ED99A00332E84 /* RSSNewsUITests.xctest */ = {isa = PBXFileReference; explicitFileType = wrapper.cfbundle; includeInIndex = 0; path = RSSNewsUITests.xctest; sourceTree = BUILT_PRODUCTS_DIR; };
		CEF178D7220ED99A00332E84 /* RSSNewsUITests.swift */ = {isa = PBXFileReference; lastKnownFileType = sourcecode.swift; path = RSSNewsUITests.swift; sourceTree = "<group>"; };
		CEF178D9220ED99A00332E84 /* Info.plist */ = {isa = PBXFileReference; lastKnownFileType = text.plist.xml; path = Info.plist; sourceTree = "<group>"; };
		CEF178E6220ED9D500332E84 /* news.plist */ = {isa = PBXFileReference; lastKnownFileType = text.plist.xml; path = news.plist; sourceTree = "<group>"; };
		CEF178E9220EDA5500332E84 /* RSSTableViewCell.swift */ = {isa = PBXFileReference; lastKnownFileType = sourcecode.swift; path = RSSTableViewCell.swift; sourceTree = "<group>"; };
		CEF178EA220EDA5500332E84 /* RSSTableViewCell.xib */ = {isa = PBXFileReference; lastKnownFileType = file.xib; path = RSSTableViewCell.xib; sourceTree = "<group>"; };
/* End PBXFileReference section */

/* Begin PBXFrameworksBuildPhase section */
		CEF178AE220ED99800332E84 /* Frameworks */ = {
			isa = PBXFrameworksBuildPhase;
			buildActionMask = 2147483647;
			files = (
			);
			runOnlyForDeploymentPostprocessing = 0;
		};
		CEF178C5220ED99A00332E84 /* Frameworks */ = {
			isa = PBXFrameworksBuildPhase;
			buildActionMask = 2147483647;
			files = (
			);
			runOnlyForDeploymentPostprocessing = 0;
		};
		CEF178D0220ED99A00332E84 /* Frameworks */ = {
			isa = PBXFrameworksBuildPhase;
			buildActionMask = 2147483647;
			files = (
			);
			runOnlyForDeploymentPostprocessing = 0;
		};
/* End PBXFrameworksBuildPhase section */

/* Begin PBXGroup section */
		CEF178A8220ED99800332E84 = {
			isa = PBXGroup;
			children = (
				CEF178B3220ED99800332E84 /* RSSNews */,
				CEF178CB220ED99A00332E84 /* RSSNewsTests */,
				CEF178D6220ED99A00332E84 /* RSSNewsUITests */,
				CEF178B2220ED99800332E84 /* Products */,
			);
			sourceTree = "<group>";
		};
		CEF178B2220ED99800332E84 /* Products */ = {
			isa = PBXGroup;
			children = (
				CEF178B1220ED99800332E84 /* RSSNews.app */,
				CEF178C8220ED99A00332E84 /* RSSNewsTests.xctest */,
				CEF178D3220ED99A00332E84 /* RSSNewsUITests.xctest */,
			);
			name = Products;
			sourceTree = "<group>";
		};
		CEF178B3220ED99800332E84 /* RSSNews */ = {
			isa = PBXGroup;
			children = (
				CEF178E8220EDA3A00332E84 /* Presentation */,
				CEF178E5220ED9B100332E84 /* Resources */,
				CEF178B4220ED99800332E84 /* AppDelegate.swift */,
				CEF178B6220ED99800332E84 /* ViewController.swift */,
				CEF178B8220ED99800332E84 /* Main.storyboard */,
				CEF178BE220ED99A00332E84 /* Assets.xcassets */,
				CEF178C0220ED99A00332E84 /* LaunchScreen.storyboard */,
				CEF178C3220ED99A00332E84 /* Info.plist */,
				CEF178BB220ED99800332E84 /* RSSNews.xcdatamodeld */,
			);
			path = RSSNews;
			sourceTree = "<group>";
		};
		CEF178CB220ED99A00332E84 /* RSSNewsTests */ = {
			isa = PBXGroup;
			children = (
				CEF178CC220ED99A00332E84 /* RSSNewsTests.swift */,
				CEF178CE220ED99A00332E84 /* Info.plist */,
			);
			path = RSSNewsTests;
			sourceTree = "<group>";
		};
		CEF178D6220ED99A00332E84 /* RSSNewsUITests */ = {
			isa = PBXGroup;
			children = (
				CEF178D7220ED99A00332E84 /* RSSNewsUITests.swift */,
				CEF178D9220ED99A00332E84 /* Info.plist */,
			);
			path = RSSNewsUITests;
			sourceTree = "<group>";
		};
		CEF178E5220ED9B100332E84 /* Resources */ = {
			isa = PBXGroup;
			children = (
				CEF178E6220ED9D500332E84 /* news.plist */,
			);
			path = Resources;
			sourceTree = "<group>";
		};
		CEF178E8220EDA3A00332E84 /* Presentation */ = {
			isa = PBXGroup;
			children = (
				CEF178E9220EDA5500332E84 /* RSSTableViewCell.swift */,
				CEF178EA220EDA5500332E84 /* RSSTableViewCell.xib */,
			);
			path = Presentation;
			sourceTree = "<group>";
		};
/* End PBXGroup section */

/* Begin PBXNativeTarget section */
		CEF178B0220ED99800332E84 /* RSSNews */ = {
			isa = PBXNativeTarget;
			buildConfigurationList = CEF178DC220ED99A00332E84 /* Build configuration list for PBXNativeTarget "RSSNews" */;
			buildPhases = (
				CEF178AD220ED99800332E84 /* Sources */,
				CEF178AE220ED99800332E84 /* Frameworks */,
				CEF178AF220ED99800332E84 /* Resources */,
			);
			buildRules = (
			);
			dependencies = (
			);
			name = RSSNews;
			productName = RSSNews;
			productReference = CEF178B1220ED99800332E84 /* RSSNews.app */;
			productType = "com.apple.product-type.application";
		};
		CEF178C7220ED99A00332E84 /* RSSNewsTests */ = {
			isa = PBXNativeTarget;
			buildConfigurationList = CEF178DF220ED99A00332E84 /* Build configuration list for PBXNativeTarget "RSSNewsTests" */;
			buildPhases = (
				CEF178C4220ED99A00332E84 /* Sources */,
				CEF178C5220ED99A00332E84 /* Frameworks */,
				CEF178C6220ED99A00332E84 /* Resources */,
			);
			buildRules = (
			);
			dependencies = (
				CEF178CA220ED99A00332E84 /* PBXTargetDependency */,
			);
			name = RSSNewsTests;
			productName = RSSNewsTests;
			productReference = CEF178C8220ED99A00332E84 /* RSSNewsTests.xctest */;
			productType = "com.apple.product-type.bundle.unit-test";
		};
		CEF178D2220ED99A00332E84 /* RSSNewsUITests */ = {
			isa = PBXNativeTarget;
			buildConfigurationList = CEF178E2220ED99A00332E84 /* Build configuration list for PBXNativeTarget "RSSNewsUITests" */;
			buildPhases = (
				CEF178CF220ED99A00332E84 /* Sources */,
				CEF178D0220ED99A00332E84 /* Frameworks */,
				CEF178D1220ED99A00332E84 /* Resources */,
			);
			buildRules = (
			);
			dependencies = (
				CEF178D5220ED99A00332E84 /* PBXTargetDependency */,
			);
			name = RSSNewsUITests;
			productName = RSSNewsUITests;
			productReference = CEF178D3220ED99A00332E84 /* RSSNewsUITests.xctest */;
			productType = "com.apple.product-type.bundle.ui-testing";
		};
/* End PBXNativeTarget section */

/* Begin PBXProject section */
		CEF178A9220ED99800332E84 /* Project object */ = {
			isa = PBXProject;
			attributes = {
				LastSwiftUpdateCheck = 1000;
				LastUpgradeCheck = 1000;
				ORGANIZATIONNAME = "Saritasa Inc.";
				TargetAttributes = {
					CEF178B0220ED99800332E84 = {
						CreatedOnToolsVersion = 10.0;
					};
					CEF178C7220ED99A00332E84 = {
						CreatedOnToolsVersion = 10.0;
						TestTargetID = CEF178B0220ED99800332E84;
					};
					CEF178D2220ED99A00332E84 = {
						CreatedOnToolsVersion = 10.0;
						TestTargetID = CEF178B0220ED99800332E84;
					};
				};
			};
			buildConfigurationList = CEF178AC220ED99800332E84 /* Build configuration list for PBXProject "RSSNews" */;
			compatibilityVersion = "Xcode 9.3";
			developmentRegion = en;
			hasScannedForEncodings = 0;
			knownRegions = (
				en,
				Base,
			);
			mainGroup = CEF178A8220ED99800332E84;
			productRefGroup = CEF178B2220ED99800332E84 /* Products */;
			projectDirPath = "";
			projectRoot = "";
			targets = (
				CEF178B0220ED99800332E84 /* RSSNews */,
				CEF178C7220ED99A00332E84 /* RSSNewsTests */,
				CEF178D2220ED99A00332E84 /* RSSNewsUITests */,
			);
		};
/* End PBXProject section */

/* Begin PBXResourcesBuildPhase section */
		CEF178AF220ED99800332E84 /* Resources */ = {
			isa = PBXResourcesBuildPhase;
			buildActionMask = 2147483647;
			files = (
				CEF178C2220ED99A00332E84 /* LaunchScreen.storyboard in Resources */,
				CEF178E7220ED9D500332E84 /* news.plist in Resources */,
				CEF178BF220ED99A00332E84 /* Assets.xcassets in Resources */,
				CEF178EC220EDA5500332E84 /* RSSTableViewCell.xib in Resources */,
				CEF178BA220ED99800332E84 /* Main.storyboard in Resources */,
			);
			runOnlyForDeploymentPostprocessing = 0;
		};
		CEF178C6220ED99A00332E84 /* Resources */ = {
			isa = PBXResourcesBuildPhase;
			buildActionMask = 2147483647;
			files = (
			);
			runOnlyForDeploymentPostprocessing = 0;
		};
		CEF178D1220ED99A00332E84 /* Resources */ = {
			isa = PBXResourcesBuildPhase;
			buildActionMask = 2147483647;
			files = (
			);
			runOnlyForDeploymentPostprocessing = 0;
		};
/* End PBXResourcesBuildPhase section */

/* Begin PBXSourcesBuildPhase section */
		CEF178AD220ED99800332E84 /* Sources */ = {
			isa = PBXSourcesBuildPhase;
			buildActionMask = 2147483647;
			files = (
				CEF178EB220EDA5500332E84 /* RSSTableViewCell.swift in Sources */,
				CEF178B7220ED99800332E84 /* ViewController.swift in Sources */,
				CEF178BD220ED99800332E84 /* RSSNews.xcdatamodeld in Sources */,
				CEF178B5220ED99800332E84 /* AppDelegate.swift in Sources */,
			);
			runOnlyForDeploymentPostprocessing = 0;
		};
		CEF178C4220ED99A00332E84 /* Sources */ = {
			isa = PBXSourcesBuildPhase;
			buildActionMask = 2147483647;
			files = (
				CEF178CD220ED99A00332E84 /* RSSNewsTests.swift in Sources */,
			);
			runOnlyForDeploymentPostprocessing = 0;
		};
		CEF178CF220ED99A00332E84 /* Sources */ = {
			isa = PBXSourcesBuildPhase;
			buildActionMask = 2147483647;
			files = (
				CEF178D8220ED99A00332E84 /* RSSNewsUITests.swift in Sources */,
			);
			runOnlyForDeploymentPostprocessing = 0;
		};
/* End PBXSourcesBuildPhase section */

/* Begin PBXTargetDependency section */
		CEF178CA220ED99A00332E84 /* PBXTargetDependency */ = {
			isa = PBXTargetDependency;
			target = CEF178B0220ED99800332E84 /* RSSNews */;
			targetProxy = CEF178C9220ED99A00332E84 /* PBXContainerItemProxy */;
		};
		CEF178D5220ED99A00332E84 /* PBXTargetDependency */ = {
			isa = PBXTargetDependency;
			target = CEF178B0220ED99800332E84 /* RSSNews */;
			targetProxy = CEF178D4220ED99A00332E84 /* PBXContainerItemProxy */;
		};
/* End PBXTargetDependency section */

/* Begin PBXVariantGroup section */
		CEF178B8220ED99800332E84 /* Main.storyboard */ = {
			isa = PBXVariantGroup;
			children = (
				CEF178B9220ED99800332E84 /* Base */,
			);
			name = Main.storyboard;
			sourceTree = "<group>";
		};
		CEF178C0220ED99A00332E84 /* LaunchScreen.storyboard */ = {
			isa = PBXVariantGroup;
			children = (
				CEF178C1220ED99A00332E84 /* Base */,
			);
			name = LaunchScreen.storyboard;
			sourceTree = "<group>";
		};
/* End PBXVariantGroup section */

/* Begin XCBuildConfiguration section */
		CEF178DA220ED99A00332E84 /* Debug */ = {
			isa = XCBuildConfiguration;
			buildSettings = {
				ALWAYS_SEARCH_USER_PATHS = NO;
				CLANG_ANALYZER_NONNULL = YES;
				CLANG_ANALYZER_NUMBER_OBJECT_CONVERSION = YES_AGGRESSIVE;
				CLANG_CXX_LANGUAGE_STANDARD = "gnu++14";
				CLANG_CXX_LIBRARY = "libc++";
				CLANG_ENABLE_MODULES = YES;
				CLANG_ENABLE_OBJC_ARC = YES;
				CLANG_ENABLE_OBJC_WEAK = YES;
				CLANG_WARN_BLOCK_CAPTURE_AUTORELEASING = YES;
				CLANG_WARN_BOOL_CONVERSION = YES;
				CLANG_WARN_COMMA = YES;
				CLANG_WARN_CONSTANT_CONVERSION = YES;
				CLANG_WARN_DEPRECATED_OBJC_IMPLEMENTATIONS = YES;
				CLANG_WARN_DIRECT_OBJC_ISA_USAGE = YES_ERROR;
				CLANG_WARN_DOCUMENTATION_COMMENTS = YES;
				CLANG_WARN_EMPTY_BODY = YES;
				CLANG_WARN_ENUM_CONVERSION = YES;
				CLANG_WARN_INFINITE_RECURSION = YES;
				CLANG_WARN_INT_CONVERSION = YES;
				CLANG_WARN_NON_LITERAL_NULL_CONVERSION = YES;
				CLANG_WARN_OBJC_IMPLICIT_RETAIN_SELF = YES;
				CLANG_WARN_OBJC_LITERAL_CONVERSION = YES;
				CLANG_WARN_OBJC_ROOT_CLASS = YES_ERROR;
				CLANG_WARN_RANGE_LOOP_ANALYSIS = YES;
				CLANG_WARN_STRICT_PROTOTYPES = YES;
				CLANG_WARN_SUSPICIOUS_MOVE = YES;
				CLANG_WARN_UNGUARDED_AVAILABILITY = YES_AGGRESSIVE;
				CLANG_WARN_UNREACHABLE_CODE = YES;
				CLANG_WARN__DUPLICATE_METHOD_MATCH = YES;
				CODE_SIGN_IDENTITY = "iPhone Developer";
				COPY_PHASE_STRIP = NO;
				DEBUG_INFORMATION_FORMAT = dwarf;
				ENABLE_STRICT_OBJC_MSGSEND = YES;
				ENABLE_TESTABILITY = YES;
				GCC_C_LANGUAGE_STANDARD = gnu11;
				GCC_DYNAMIC_NO_PIC = NO;
				GCC_NO_COMMON_BLOCKS = YES;
				GCC_OPTIMIZATION_LEVEL = 0;
				GCC_PREPROCESSOR_DEFINITIONS = (
					"DEBUG=1",
					"$(inherited)",
				);
				GCC_WARN_64_TO_32_BIT_CONVERSION = YES;
				GCC_WARN_ABOUT_RETURN_TYPE = YES_ERROR;
				GCC_WARN_UNDECLARED_SELECTOR = YES;
				GCC_WARN_UNINITIALIZED_AUTOS = YES_AGGRESSIVE;
				GCC_WARN_UNUSED_FUNCTION = YES;
				GCC_WARN_UNUSED_VARIABLE = YES;
				IPHONEOS_DEPLOYMENT_TARGET = 12.0;
				MTL_ENABLE_DEBUG_INFO = INCLUDE_SOURCE;
				MTL_FAST_MATH = YES;
				ONLY_ACTIVE_ARCH = YES;
				SDKROOT = iphoneos;
				SWIFT_ACTIVE_COMPILATION_CONDITIONS = DEBUG;
				SWIFT_OPTIMIZATION_LEVEL = "-Onone";
			};
			name = Debug;
		};
		CEF178DB220ED99A00332E84 /* Release */ = {
			isa = XCBuildConfiguration;
			buildSettings = {
				ALWAYS_SEARCH_USER_PATHS = NO;
				CLANG_ANALYZER_NONNULL = YES;
				CLANG_ANALYZER_NUMBER_OBJECT_CONVERSION = YES_AGGRESSIVE;
				CLANG_CXX_LANGUAGE_STANDARD = "gnu++14";
				CLANG_CXX_LIBRARY = "libc++";
				CLANG_ENABLE_MODULES = YES;
				CLANG_ENABLE_OBJC_ARC = YES;
				CLANG_ENABLE_OBJC_WEAK = YES;
				CLANG_WARN_BLOCK_CAPTURE_AUTORELEASING = YES;
				CLANG_WARN_BOOL_CONVERSION = YES;
				CLANG_WARN_COMMA = YES;
				CLANG_WARN_CONSTANT_CONVERSION = YES;
				CLANG_WARN_DEPRECATED_OBJC_IMPLEMENTATIONS = YES;
				CLANG_WARN_DIRECT_OBJC_ISA_USAGE = YES_ERROR;
				CLANG_WARN_DOCUMENTATION_COMMENTS = YES;
				CLANG_WARN_EMPTY_BODY = YES;
				CLANG_WARN_ENUM_CONVERSION = YES;
				CLANG_WARN_INFINITE_RECURSION = YES;
				CLANG_WARN_INT_CONVERSION = YES;
				CLANG_WARN_NON_LITERAL_NULL_CONVERSION = YES;
				CLANG_WARN_OBJC_IMPLICIT_RETAIN_SELF = YES;
				CLANG_WARN_OBJC_LITERAL_CONVERSION = YES;
				CLANG_WARN_OBJC_ROOT_CLASS = YES_ERROR;
				CLANG_WARN_RANGE_LOOP_ANALYSIS = YES;
				CLANG_WARN_STRICT_PROTOTYPES = YES;
				CLANG_WARN_SUSPICIOUS_MOVE = YES;
				CLANG_WARN_UNGUARDED_AVAILABILITY = YES_AGGRESSIVE;
				CLANG_WARN_UNREACHABLE_CODE = YES;
				CLANG_WARN__DUPLICATE_METHOD_MATCH = YES;
				CODE_SIGN_IDENTITY = "iPhone Developer";
				COPY_PHASE_STRIP = NO;
				DEBUG_INFORMATION_FORMAT = "dwarf-with-dsym";
				ENABLE_NS_ASSERTIONS = NO;
				ENABLE_STRICT_OBJC_MSGSEND = YES;
				GCC_C_LANGUAGE_STANDARD = gnu11;
				GCC_NO_COMMON_BLOCKS = YES;
				GCC_WARN_64_TO_32_BIT_CONVERSION = YES;
				GCC_WARN_ABOUT_RETURN_TYPE = YES_ERROR;
				GCC_WARN_UNDECLARED_SELECTOR = YES;
				GCC_WARN_UNINITIALIZED_AUTOS = YES_AGGRESSIVE;
				GCC_WARN_UNUSED_FUNCTION = YES;
				GCC_WARN_UNUSED_VARIABLE = YES;
				IPHONEOS_DEPLOYMENT_TARGET = 12.0;
				MTL_ENABLE_DEBUG_INFO = NO;
				MTL_FAST_MATH = YES;
				SDKROOT = iphoneos;
				SWIFT_COMPILATION_MODE = wholemodule;
				SWIFT_OPTIMIZATION_LEVEL = "-O";
				VALIDATE_PRODUCT = YES;
			};
			name = Release;
		};
		CEF178DD220ED99A00332E84 /* Debug */ = {
			isa = XCBuildConfiguration;
			buildSettings = {
				ASSETCATALOG_COMPILER_APPICON_NAME = AppIcon;
				CODE_SIGN_STYLE = Automatic;
				DEVELOPMENT_TEAM = 97CJYDC5AL;
				INFOPLIST_FILE = RSSNews/Info.plist;
				LD_RUNPATH_SEARCH_PATHS = (
					"$(inherited)",
					"@executable_path/Frameworks",
				);
				PRODUCT_BUNDLE_IDENTIFIER = com.saritasa.enterprise.RSSNews;
				PRODUCT_NAME = "$(TARGET_NAME)";
				SWIFT_VERSION = 4.2;
				TARGETED_DEVICE_FAMILY = "1,2";
			};
			name = Debug;
		};
		CEF178DE220ED99A00332E84 /* Release */ = {
			isa = XCBuildConfiguration;
			buildSettings = {
				ASSETCATALOG_COMPILER_APPICON_NAME = AppIcon;
				CODE_SIGN_STYLE = Automatic;
				DEVELOPMENT_TEAM = 97CJYDC5AL;
				INFOPLIST_FILE = RSSNews/Info.plist;
				LD_RUNPATH_SEARCH_PATHS = (
					"$(inherited)",
					"@executable_path/Frameworks",
				);
				PRODUCT_BUNDLE_IDENTIFIER = com.saritasa.enterprise.RSSNews;
				PRODUCT_NAME = "$(TARGET_NAME)";
				SWIFT_VERSION = 4.2;
				TARGETED_DEVICE_FAMILY = "1,2";
			};
			name = Release;
		};
		CEF178E0220ED99A00332E84 /* Debug */ = {
			isa = XCBuildConfiguration;
			buildSettings = {
				ALWAYS_EMBED_SWIFT_STANDARD_LIBRARIES = YES;
				BUNDLE_LOADER = "$(TEST_HOST)";
				CODE_SIGN_STYLE = Automatic;
				DEVELOPMENT_TEAM = 97CJYDC5AL;
				INFOPLIST_FILE = RSSNewsTests/Info.plist;
				LD_RUNPATH_SEARCH_PATHS = (
					"$(inherited)",
					"@executable_path/Frameworks",
					"@loader_path/Frameworks",
				);
				PRODUCT_BUNDLE_IDENTIFIER = com.saritasa.enterprise.RSSNewsTests;
				PRODUCT_NAME = "$(TARGET_NAME)";
				SWIFT_VERSION = 4.2;
				TARGETED_DEVICE_FAMILY = "1,2";
				TEST_HOST = "$(BUILT_PRODUCTS_DIR)/RSSNews.app/RSSNews";
			};
			name = Debug;
		};
		CEF178E1220ED99A00332E84 /* Release */ = {
			isa = XCBuildConfiguration;
			buildSettings = {
				ALWAYS_EMBED_SWIFT_STANDARD_LIBRARIES = YES;
				BUNDLE_LOADER = "$(TEST_HOST)";
				CODE_SIGN_STYLE = Automatic;
				DEVELOPMENT_TEAM = 97CJYDC5AL;
				INFOPLIST_FILE = RSSNewsTests/Info.plist;
				LD_RUNPATH_SEARCH_PATHS = (
					"$(inherited)",
					"@executable_path/Frameworks",
					"@loader_path/Frameworks",
				);
				PRODUCT_BUNDLE_IDENTIFIER = com.saritasa.enterprise.RSSNewsTests;
				PRODUCT_NAME = "$(TARGET_NAME)";
				SWIFT_VERSION = 4.2;
				TARGETED_DEVICE_FAMILY = "1,2";
				TEST_HOST = "$(BUILT_PRODUCTS_DIR)/RSSNews.app/RSSNews";
			};
			name = Release;
		};
		CEF178E3220ED99A00332E84 /* Debug */ = {
			isa = XCBuildConfiguration;
			buildSettings = {
				ALWAYS_EMBED_SWIFT_STANDARD_LIBRARIES = YES;
				CODE_SIGN_STYLE = Automatic;
				DEVELOPMENT_TEAM = 97CJYDC5AL;
				INFOPLIST_FILE = RSSNewsUITests/Info.plist;
				LD_RUNPATH_SEARCH_PATHS = (
					"$(inherited)",
					"@executable_path/Frameworks",
					"@loader_path/Frameworks",
				);
				PRODUCT_BUNDLE_IDENTIFIER = com.saritasa.enterprise.RSSNewsUITests;
				PRODUCT_NAME = "$(TARGET_NAME)";
				SWIFT_VERSION = 4.2;
				TARGETED_DEVICE_FAMILY = "1,2";
				TEST_TARGET_NAME = RSSNews;
			};
			name = Debug;
		};
		CEF178E4220ED99A00332E84 /* Release */ = {
			isa = XCBuildConfiguration;
			buildSettings = {
				ALWAYS_EMBED_SWIFT_STANDARD_LIBRARIES = YES;
				CODE_SIGN_STYLE = Automatic;
				DEVELOPMENT_TEAM = 97CJYDC5AL;
				INFOPLIST_FILE = RSSNewsUITests/Info.plist;
				LD_RUNPATH_SEARCH_PATHS = (
					"$(inherited)",
					"@executable_path/Frameworks",
					"@loader_path/Frameworks",
				);
				PRODUCT_BUNDLE_IDENTIFIER = com.saritasa.enterprise.RSSNewsUITests;
				PRODUCT_NAME = "$(TARGET_NAME)";
				SWIFT_VERSION = 4.2;
				TARGETED_DEVICE_FAMILY = "1,2";
				TEST_TARGET_NAME = RSSNews;
			};
			name = Release;
		};
/* End XCBuildConfiguration section */

/* Begin XCConfigurationList section */
		CEF178AC220ED99800332E84 /* Build configuration list for PBXProject "RSSNews" */ = {
			isa = XCConfigurationList;
			buildConfigurations = (
				CEF178DA220ED99A00332E84 /* Debug */,
				CEF178DB220ED99A00332E84 /* Release */,
			);
			defaultConfigurationIsVisible = 0;
			defaultConfigurationName = Release;
		};
		CEF178DC220ED99A00332E84 /* Build configuration list for PBXNativeTarget "RSSNews" */ = {
			isa = XCConfigurationList;
			buildConfigurations = (
				CEF178DD220ED99A00332E84 /* Debug */,
				CEF178DE220ED99A00332E84 /* Release */,
			);
			defaultConfigurationIsVisible = 0;
			defaultConfigurationName = Release;
		};
		CEF178DF220ED99A00332E84 /* Build configuration list for PBXNativeTarget "RSSNewsTests" */ = {
			isa = XCConfigurationList;
			buildConfigurations = (
				CEF178E0220ED99A00332E84 /* Debug */,
				CEF178E1220ED99A00332E84 /* Release */,
			);
			defaultConfigurationIsVisible = 0;
			defaultConfigurationName = Release;
		};
		CEF178E2220ED99A00332E84 /* Build configuration list for PBXNativeTarget "RSSNewsUITests" */ = {
			isa = XCConfigurationList;
			buildConfigurations = (
				CEF178E3220ED99A00332E84 /* Debug */,
				CEF178E4220ED99A00332E84 /* Release */,
			);
			defaultConfigurationIsVisible = 0;
			defaultConfigurationName = Release;
		};
/* End XCConfigurationList section */

/* Begin XCVersionGroup section */
		CEF178BB220ED99800332E84 /* RSSNews.xcdatamodeld */ = {
			isa = XCVersionGroup;
			children = (
				CEF178BC220ED99800332E84 /* RSSNews.xcdatamodel */,
			);
			currentVersion = CEF178BC220ED99800332E84 /* RSSNews.xcdatamodel */;
			path = RSSNews.xcdatamodeld;
			sourceTree = "<group>";
			versionGroupType = wrapper.xcdatamodel;
		};
/* End XCVersionGroup section */
	};
	rootObject = CEF178A9220ED99800332E84 /* Project object */;
}
